
Microsoft Visual Studio Solution File, Format Version 12.00
# Visual Studio Version 17
VisualStudioVersion = 17.8.34330.188
MinimumVisualStudioVersion = 10.0.40219.1
Project("{FAE04EC0-301F-11D3-BF4B-00C04F79EFBC}") = "MessengerExample", "MessengerExample\MessengerExample.csproj", "{9BE4499E-E9D6-4EAB-92DD-38D3DBAA5F4A}"
EndProject
Global
	GlobalSection(SolutionConfigurationPlatforms) = preSolution
		Debug|Any CPU = Debug|Any CPU
		Debug|x64 = Debug|x64
		Release|Any CPU = Release|Any CPU
		Release|x64 = Release|x64
	EndGlobalSection
	GlobalSection(ProjectConfigurationPlatforms) = postSolution
		{9BE4499E-E9D6-4EAB-92DD-38D3DBAA5F4A}.Debug|Any CPU.ActiveCfg = Debug|Any CPU
		{9BE4499E-E9D6-4EAB-92DD-38D3DBAA5F4A}.Debug|Any CPU.Build.0 = Debug|Any CPU
		{9BE4499E-E9D6-4EAB-92DD-38D3DBAA5F4A}.Debug|x64.ActiveCfg = Debug|x64
		{9BE4499E-E9D6-4EAB-92DD-38D3DBAA5F4A}.Debug|x64.Build.0 = Debug|x64
		{9BE4499E-E9D6-4EAB-92DD-38D3DBAA5F4A}.Release|Any CPU.ActiveCfg = Release|Any CPU
		{9BE4499E-E9D6-4EAB-92DD-38D3DBAA5F4A}.Release|Any CPU.Build.0 = Release|Any CPU
		{9BE4499E-E9D6-4EAB-92DD-38D3DBAA5F4A}.Release|x64.ActiveCfg = Release|x64
		{9BE4499E-E9D6-4EAB-92DD-38D3DBAA5F4A}.Release|x64.Build.0 = Release|x64
	EndGlobalSection
	GlobalSection(SolutionProperties) = preSolution
		HideSolutionNode = FALSE
	EndGlobalSection
	GlobalSection(ExtensibilityGlobals) = postSolution
		SolutionGuid = {8AD8B939-3C87-466A-9D03-3EA39F1DD373}
	EndGlobalSection
EndGlobal
