
Microsoft Visual Studio Solution File, Format Version 12.00
# Visual Studio Version 17
VisualStudioVersion = 17.8.34330.188
MinimumVisualStudioVersion = 10.0.40219.1
Project("{FAE04EC0-301F-11D3-BF4B-00C04F79EFBC}") = "AutoViewTemplateSelector", "AutoViewTemplateSelector\AutoViewTemplateSelector.csproj", "{97BC1BCB-A6B3-49D1-ABB0-D2F79B137FFB}"
EndProject
Global
	GlobalSection(SolutionConfigurationPlatforms) = preSolution
		Debug|Any CPU = Debug|Any CPU
		Debug|x64 = Debug|x64
		Release|Any CPU = Release|Any CPU
		Release|x64 = Release|x64
	EndGlobalSection
	GlobalSection(ProjectConfigurationPlatforms) = postSolution
		{97BC1BCB-A6B3-49D1-ABB0-D2F79B137FFB}.Debug|Any CPU.ActiveCfg = Debug|Any CPU
		{97BC1BCB-A6B3-49D1-ABB0-D2F79B137FFB}.Debug|Any CPU.Build.0 = Debug|Any CPU
		{97BC1BCB-A6B3-49D1-ABB0-D2F79B137FFB}.Debug|x64.ActiveCfg = Debug|x64
		{97BC1BCB-A6B3-49D1-ABB0-D2F79B137FFB}.Debug|x64.Build.0 = Debug|x64
		{97BC1BCB-A6B3-49D1-ABB0-D2F79B137FFB}.Release|Any CPU.ActiveCfg = Release|Any CPU
		{97BC1BCB-A6B3-49D1-ABB0-D2F79B137FFB}.Release|Any CPU.Build.0 = Release|Any CPU
		{97BC1BCB-A6B3-49D1-ABB0-D2F79B137FFB}.Release|x64.ActiveCfg = Release|x64
		{97BC1BCB-A6B3-49D1-ABB0-D2F79B137FFB}.Release|x64.Build.0 = Release|x64
	EndGlobalSection
	GlobalSection(SolutionProperties) = preSolution
		HideSolutionNode = FALSE
	EndGlobalSection
	GlobalSection(ExtensibilityGlobals) = postSolution
		SolutionGuid = {7DEE1F60-0745-4166-A357-56479409040D}
	EndGlobalSection
EndGlobal
