
Microsoft Visual Studio Solution File, Format Version 12.00
# Visual Studio Version 17
VisualStudioVersion = 17.8.34330.188
MinimumVisualStudioVersion = 10.0.40219.1
Project("{FAE04EC0-301F-11D3-BF4B-00C04F79EFBC}") = "RelayCommandExample", "RelayCommandExample\RelayCommandExample.csproj", "{78B3CA0B-D924-4D34-8EE9-92721571A464}"
EndProject
Global
	GlobalSection(SolutionConfigurationPlatforms) = preSolution
		Debug|Any CPU = Debug|Any CPU
		Debug|x64 = Debug|x64
		Release|Any CPU = Release|Any CPU
		Release|x64 = Release|x64
	EndGlobalSection
	GlobalSection(ProjectConfigurationPlatforms) = postSolution
		{78B3CA0B-D924-4D34-8EE9-92721571A464}.Debug|Any CPU.ActiveCfg = Debug|Any CPU
		{78B3CA0B-D924-4D34-8EE9-92721571A464}.Debug|Any CPU.Build.0 = Debug|Any CPU
		{78B3CA0B-D924-4D34-8EE9-92721571A464}.Debug|x64.ActiveCfg = Debug|x64
		{78B3CA0B-D924-4D34-8EE9-92721571A464}.Debug|x64.Build.0 = Debug|x64
		{78B3CA0B-D924-4D34-8EE9-92721571A464}.Release|Any CPU.ActiveCfg = Release|Any CPU
		{78B3CA0B-D924-4D34-8EE9-92721571A464}.Release|Any CPU.Build.0 = Release|Any CPU
		{78B3CA0B-D924-4D34-8EE9-92721571A464}.Release|x64.ActiveCfg = Release|x64
		{78B3CA0B-D924-4D34-8EE9-92721571A464}.Release|x64.Build.0 = Release|x64
	EndGlobalSection
	GlobalSection(SolutionProperties) = preSolution
		HideSolutionNode = FALSE
	EndGlobalSection
	GlobalSection(ExtensibilityGlobals) = postSolution
		SolutionGuid = {BA7201BC-9415-470B-A66B-80FA82AA0B04}
	EndGlobalSection
EndGlobal
